Microsoft Visual Studio Solution File, Format Version 11.00
# Visual Studio 2008

Project("{4605B761-3B19-BFE8-D8B1-574CE35A71BC}") = "calc2d", "Assembly-CSharp.csproj", "{3C2FE859-8D5B-8C8B-79FA-B6CE1D228019}"
EndProject
Global
	GlobalSection(SolutionConfigurationPlatforms) = preSolution
		Debug|Any CPU = Debug|Any CPU
		Release|Any CPU = Release|Any CPU
	EndGlobalSection
	GlobalSection(ProjectConfigurationPlatforms) = postSolution
		{3C2FE859-8D5B-8C8B-79FA-B6CE1D228019}.Debug|Any CPU.ActiveCfg = Debug|Any CPU
		{3C2FE859-8D5B-8C8B-79FA-B6CE1D228019}.Debug|Any CPU.Build.0 = Debug|Any CPU
		{3C2FE859-8D5B-8C8B-79FA-B6CE1D228019}.Release|Any CPU.ActiveCfg = Release|Any CPU
		{3C2FE859-8D5B-8C8B-79FA-B6CE1D228019}.Release|Any CPU.Build.0 = Release|Any CPU
	EndGlobalSection
	GlobalSection(SolutionProperties) = preSolution
		HideSolutionNode = FALSE
	EndGlobalSection
	GlobalSection(MonoDevelopProperties) = preSolution
		StartupItem = Assembly-CSharp.csproj
	EndGlobalSection
EndGlobal
